
Microsoft Visual Studio Solution File, Format Version 12.00
# Visual Studio Version 17
VisualStudioVersion = 17.2.32516.85
MinimumVisualStudioVersion = 10.0.40219.1
Project("{FAE04EC0-301F-11D3-BF4B-00C04F79EFBC}") = "Hackaton-ALIS", "Hackaton-ALIS.csproj", "{795BE106-7555-49F4-8822-2318662A6C22}"
EndProject
Global
	GlobalSection(SolutionConfigurationPlatforms) = preSolution
		Debug|Any CPU = Debug|Any CPU
		Release|Any CPU = Release|Any CPU
	EndGlobalSection
	GlobalSection(ProjectConfigurationPlatforms) = postSolution
		{795BE106-7555-49F4-8822-2318662A6C22}.Debug|Any CPU.ActiveCfg = Debug|Any CPU
		{795BE106-7555-49F4-8822-2318662A6C22}.Debug|Any CPU.Build.0 = Debug|Any CPU
		{795BE106-7555-49F4-8822-2318662A6C22}.Release|Any CPU.ActiveCfg = Release|Any CPU
		{795BE106-7555-49F4-8822-2318662A6C22}.Release|Any CPU.Build.0 = Release|Any CPU
	EndGlobalSection
	GlobalSection(SolutionProperties) = preSolution
		HideSolutionNode = FALSE
	EndGlobalSection
	GlobalSection(ExtensibilityGlobals) = postSolution
		SolutionGuid = {631DD98F-F471-45D0-BA32-3C89DD9A792A}
	EndGlobalSection
EndGlobal
